{
    "version": 3,
    "terraform_version": "0.11.10",
    "serial": 25,
    "lineage": "438b0cba-da81-591f-f0d6-7c74ee1bb8b8",
    "modules": [
        {
            "path": [
                "root"
            ],
            "outputs": {
                "ip": {
                    "sensitive": false,
                    "type": "string",
                    "value": ""
                }
            },
            "resources": {
                "google_compute_firewall.http": {
                    "type": "google_compute_firewall",
                    "depends_on": [],
                    "primary": {
                        "id": "http-acces-rule",
                        "attributes": {
                            "allow.#": "1",
                            "allow.1250112605.ports.#": "2",
                            "allow.1250112605.ports.0": "80",
                            "allow.1250112605.ports.1": "443",
                            "allow.1250112605.protocol": "tcp",
                            "creation_timestamp": "2018-12-23T18:32:06.074-08:00",
                            "deny.#": "0",
                            "description": "",
                            "destination_ranges.#": "0",
                            "direction": "INGRESS",
                            "disabled": "false",
                            "enable_logging": "false",
                            "id": "http-acces-rule",
                            "name": "http-acces-rule",
                            "network": "https://www.googleapis.com/compute/v1/projects/prod-env-224202/global/networks/default",
                            "priority": "1000",
                            "project": "prod-env-224202",
                            "self_link": "https://www.googleapis.com/compute/v1/projects/prod-env-224202/global/firewalls/http-acces-rule",
                            "source_ranges.#": "1",
                            "source_ranges.1080289494": "0.0.0.0/0",
                            "source_service_accounts.#": "0",
                            "source_tags.#": "0",
                            "target_service_accounts.#": "0",
                            "target_tags.#": "0"
                        },
                        "meta": {
                            "e2bfb730-ecaa-11e6-8f88-34363bc7c4c0": {
                                "create": 240000000000,
                                "delete": 240000000000,
                                "update": 240000000000
                            },
                            "schema_version": "1"
                        },
                        "tainted": false
                    },
                    "deposed": [],
                    "provider": "provider.google"
                },
                "google_compute_firewall.ssh": {
                    "type": "google_compute_firewall",
                    "depends_on": [],
                    "primary": {
                        "id": "port-22-rule",
                        "attributes": {
                            "allow.#": "1",
                            "allow.803338340.ports.#": "1",
                            "allow.803338340.ports.0": "22",
                            "allow.803338340.protocol": "tcp",
                            "creation_timestamp": "2018-12-23T18:32:06.183-08:00",
                            "deny.#": "0",
                            "description": "",
                            "destination_ranges.#": "0",
                            "direction": "INGRESS",
                            "disabled": "false",
                            "enable_logging": "false",
                            "id": "port-22-rule",
                            "name": "port-22-rule",
                            "network": "https://www.googleapis.com/compute/v1/projects/prod-env-224202/global/networks/default",
                            "priority": "1000",
                            "project": "prod-env-224202",
                            "self_link": "https://www.googleapis.com/compute/v1/projects/prod-env-224202/global/firewalls/port-22-rule",
                            "source_ranges.#": "1",
                            "source_ranges.1080289494": "0.0.0.0/0",
                            "source_service_accounts.#": "0",
                            "source_tags.#": "0",
                            "target_service_accounts.#": "0",
                            "target_tags.#": "0"
                        },
                        "meta": {
                            "e2bfb730-ecaa-11e6-8f88-34363bc7c4c0": {
                                "create": 240000000000,
                                "delete": 240000000000,
                                "update": 240000000000
                            },
                            "schema_version": "1"
                        },
                        "tainted": false
                    },
                    "deposed": [],
                    "provider": "provider.google"
                },
                "google_compute_instance.default": {
                    "type": "google_compute_instance",
                    "depends_on": [],
                    "primary": {
                        "id": "terraform-teste1",
                        "attributes": {
                            "attached_disk.#": "0",
                            "boot_disk.#": "1",
                            "boot_disk.0.auto_delete": "true",
                            "boot_disk.0.device_name": "persistent-disk-0",
                            "boot_disk.0.disk_encryption_key_raw": "",
                            "boot_disk.0.disk_encryption_key_sha256": "",
                            "boot_disk.0.initialize_params.#": "1",
                            "boot_disk.0.initialize_params.0.image": "https://www.googleapis.com/compute/v1/projects/ubuntu-os-cloud/global/images/ubuntu-1404-trusty-v20160602",
                            "boot_disk.0.initialize_params.0.size": "10",
                            "boot_disk.0.initialize_params.0.type": "pd-standard",
                            "boot_disk.0.source": "https://www.googleapis.com/compute/v1/projects/prod-env-224202/zones/us-west1-a/disks/terraform-teste1",
                            "can_ip_forward": "false",
                            "cpu_platform": "Unknown CPU Platform",
                            "create_timeout": "4",
                            "deletion_protection": "false",
                            "guest_accelerator.#": "0",
                            "id": "terraform-teste1",
                            "instance_id": "4097487369094952314",
                            "label_fingerprint": "42WmSpB8rSM=",
                            "labels.%": "0",
                            "machine_type": "n1-standard-1",
                            "metadata.%": "1",
                            "metadata.sshKeys": "pedrooliveira:ssh-rsa AAAAB3NzaC1yc2EAAAADAQABAAABAQDCoyalDR5vjcDS7+IGcR4cYRp80sgszseWpAl49oqWQvphdDWjUkJtVIkpmeMAUf+Q+5r9doU/w0tu2C/0q7PvSWXzKl8qkSYWK2pdaX3QQK6G+e3OZJvJ4gQKRzPCnaWquBqX54nrIiOVC9+W5500Iy7fN+B6GuzkFAOKqO9SF3Jih1zTvKkYYaXKb6BZeiO6EGVhI2k4GehWlTAUrfFDZAq8pCxUU1MpQLgfCGOpRMac/ScsMY8ivsdENKMgwsfa01y6VTMI8XRrynzimVSkJDaiFKxJmEKwgXFIN55d4j7+6H61JKer0JpAwX0wPfriUiZdHxJmnb2zzA364+Cb pedrooliveira@pedrooliveira-Aspire-E5-571\n",
                            "metadata_fingerprint": "gk0Xewu_x4I=",
                            "metadata_startup_script": "",
                            "min_cpu_platform": "",
                            "name": "terraform-teste1",
                            "network_interface.#": "1",
                            "network_interface.0.access_config.#": "1",
                            "network_interface.0.access_config.0.assigned_nat_ip": "",
                            "network_interface.0.access_config.0.nat_ip": "",
                            "network_interface.0.access_config.0.network_tier": "PREMIUM",
                            "network_interface.0.access_config.0.public_ptr_domain_name": "",
                            "network_interface.0.address": "10.138.0.2",
                            "network_interface.0.alias_ip_range.#": "0",
                            "network_interface.0.name": "nic0",
                            "network_interface.0.network": "https://www.googleapis.com/compute/v1/projects/prod-env-224202/global/networks/default",
                            "network_interface.0.network_ip": "10.138.0.2",
                            "network_interface.0.subnetwork": "https://www.googleapis.com/compute/v1/projects/prod-env-224202/regions/us-west1/subnetworks/default",
                            "network_interface.0.subnetwork_project": "prod-env-224202",
                            "project": "prod-env-224202",
                            "scheduling.#": "1",
                            "scheduling.0.automatic_restart": "false",
                            "scheduling.0.on_host_maintenance": "MIGRATE",
                            "scheduling.0.preemptible": "false",
                            "scratch_disk.#": "0",
                            "self_link": "https://www.googleapis.com/compute/v1/projects/prod-env-224202/zones/us-west1-a/instances/terraform-teste1",
                            "service_account.#": "0",
                            "tags.#": "0",
                            "tags_fingerprint": "42WmSpB8rSM=",
                            "zone": "us-west1-a"
                        },
                        "meta": {
                            "e2bfb730-ecaa-11e6-8f88-34363bc7c4c0": {
                                "create": 360000000000,
                                "delete": 360000000000,
                                "update": 360000000000
                            },
                            "schema_version": "6"
                        },
                        "tainted": false
                    },
                    "deposed": [],
                    "provider": "provider.google"
                }
            },
            "depends_on": []
        }
    ]
}
